
Microsoft Visual Studio Solution File, Format Version 12.00
# Visual Studio Version 17
VisualStudioVersion = 17.9.34701.34
MinimumVisualStudioVersion = 10.0.40219.1
Project("{FAE04EC0-301F-11D3-BF4B-00C04F79EFBC}") = "UserInterface", "UserInterface\UserInterface.csproj", "{912839DF-B3E9-4BBD-AB40-8FB1BD5A81D7}"
EndProject
Project("{FAE04EC0-301F-11D3-BF4B-00C04F79EFBC}") = "Database", "Database\Database.csproj", "{D84FA6D3-F830-4411-B2B6-92D972ABD8A5}"
EndProject
Project("{FAE04EC0-301F-11D3-BF4B-00C04F79EFBC}") = "DataInterface", "DataInterface\DataInterface.csproj", "{FFB0DD49-4D32-4867-901B-768EE7F01872}"
EndProject
Project("{FAE04EC0-301F-11D3-BF4B-00C04F79EFBC}") = "BsnLogic", "BsnLogic\BsnLogic.csproj", "{F021C4EF-29AB-4412-A00B-D166A3BC966D}"
EndProject
Global
	GlobalSection(SolutionConfigurationPlatforms) = preSolution
		Debug|Any CPU = Debug|Any CPU
		Release|Any CPU = Release|Any CPU
	EndGlobalSection
	GlobalSection(ProjectConfigurationPlatforms) = postSolution
		{912839DF-B3E9-4BBD-AB40-8FB1BD5A81D7}.Debug|Any CPU.ActiveCfg = Debug|Any CPU
		{912839DF-B3E9-4BBD-AB40-8FB1BD5A81D7}.Debug|Any CPU.Build.0 = Debug|Any CPU
		{912839DF-B3E9-4BBD-AB40-8FB1BD5A81D7}.Release|Any CPU.ActiveCfg = Release|Any CPU
		{912839DF-B3E9-4BBD-AB40-8FB1BD5A81D7}.Release|Any CPU.Build.0 = Release|Any CPU
		{D84FA6D3-F830-4411-B2B6-92D972ABD8A5}.Debug|Any CPU.ActiveCfg = Debug|Any CPU
		{D84FA6D3-F830-4411-B2B6-92D972ABD8A5}.Debug|Any CPU.Build.0 = Debug|Any CPU
		{D84FA6D3-F830-4411-B2B6-92D972ABD8A5}.Release|Any CPU.ActiveCfg = Release|Any CPU
		{D84FA6D3-F830-4411-B2B6-92D972ABD8A5}.Release|Any CPU.Build.0 = Release|Any CPU
		{FFB0DD49-4D32-4867-901B-768EE7F01872}.Debug|Any CPU.ActiveCfg = Debug|Any CPU
		{FFB0DD49-4D32-4867-901B-768EE7F01872}.Debug|Any CPU.Build.0 = Debug|Any CPU
		{FFB0DD49-4D32-4867-901B-768EE7F01872}.Release|Any CPU.ActiveCfg = Release|Any CPU
		{FFB0DD49-4D32-4867-901B-768EE7F01872}.Release|Any CPU.Build.0 = Release|Any CPU
		{F021C4EF-29AB-4412-A00B-D166A3BC966D}.Debug|Any CPU.ActiveCfg = Debug|Any CPU
		{F021C4EF-29AB-4412-A00B-D166A3BC966D}.Debug|Any CPU.Build.0 = Debug|Any CPU
		{F021C4EF-29AB-4412-A00B-D166A3BC966D}.Release|Any CPU.ActiveCfg = Release|Any CPU
		{F021C4EF-29AB-4412-A00B-D166A3BC966D}.Release|Any CPU.Build.0 = Release|Any CPU
	EndGlobalSection
	GlobalSection(SolutionProperties) = preSolution
		HideSolutionNode = FALSE
	EndGlobalSection
	GlobalSection(ExtensibilityGlobals) = postSolution
		SolutionGuid = {CE673EEA-B83A-4494-A050-95868B13DFEF}
	EndGlobalSection
EndGlobal
